
Microsoft Visual Studio Solution File, Format Version 12.00
# Visual Studio Version 16
VisualStudioVersion = 16.0.29709.97
MinimumVisualStudioVersion = 10.0.40219.1
Project("{FAE04EC0-301F-11D3-BF4B-00C04F79EFBC}") = "MVC_Project-8th_Module", "MVC_Project-8th_Module\MVC_Project-8th_Module.csproj", "{9BD3F17F-F3C1-40D6-87F1-538965FA9924}"
EndProject
Global
	GlobalSection(SolutionConfigurationPlatforms) = preSolution
		Debug|Any CPU = Debug|Any CPU
		Release|Any CPU = Release|Any CPU
	EndGlobalSection
	GlobalSection(ProjectConfigurationPlatforms) = postSolution
		{9BD3F17F-F3C1-40D6-87F1-538965FA9924}.Debug|Any CPU.ActiveCfg = Debug|Any CPU
		{9BD3F17F-F3C1-40D6-87F1-538965FA9924}.Debug|Any CPU.Build.0 = Debug|Any CPU
		{9BD3F17F-F3C1-40D6-87F1-538965FA9924}.Release|Any CPU.ActiveCfg = Release|Any CPU
		{9BD3F17F-F3C1-40D6-87F1-538965FA9924}.Release|Any CPU.Build.0 = Release|Any CPU
	EndGlobalSection
	GlobalSection(SolutionProperties) = preSolution
		HideSolutionNode = FALSE
	EndGlobalSection
	GlobalSection(ExtensibilityGlobals) = postSolution
		SolutionGuid = {0FF5CBC5-2C49-4DC9-9161-1495F7625787}
	EndGlobalSection
EndGlobal
